
Microsoft Visual Studio Solution File, Format Version 12.00
# Visual Studio Version 17
VisualStudioVersion = 17.7.34202.233
MinimumVisualStudioVersion = 10.0.40219.1
Project("{FAE04EC0-301F-11D3-BF4B-00C04F79EFBC}") = "MusicShop", "MusicShop.csproj", "{A6A498EE-0900-4968-883C-9482E875EE2E}"
EndProject
Global
	GlobalSection(SolutionConfigurationPlatforms) = preSolution
		Debug|Any CPU = Debug|Any CPU
		Release|Any CPU = Release|Any CPU
	EndGlobalSection
	GlobalSection(ProjectConfigurationPlatforms) = postSolution
		{A6A498EE-0900-4968-883C-9482E875EE2E}.Debug|Any CPU.ActiveCfg = Debug|Any CPU
		{A6A498EE-0900-4968-883C-9482E875EE2E}.Debug|Any CPU.Build.0 = Debug|Any CPU
		{A6A498EE-0900-4968-883C-9482E875EE2E}.Release|Any CPU.ActiveCfg = Release|Any CPU
		{A6A498EE-0900-4968-883C-9482E875EE2E}.Release|Any CPU.Build.0 = Release|Any CPU
	EndGlobalSection
	GlobalSection(SolutionProperties) = preSolution
		HideSolutionNode = FALSE
	EndGlobalSection
	GlobalSection(ExtensibilityGlobals) = postSolution
		SolutionGuid = {995BCDED-9B4B-440F-B2F1-6DFFBBA5ED57}
	EndGlobalSection
EndGlobal
